
Microsoft Visual Studio Solution File, Format Version 12.00
# Visual Studio Version 17
VisualStudioVersion = 17.5.33502.453
MinimumVisualStudioVersion = 10.0.40219.1
Project("{8BC9CEB8-8B4A-11D0-8D11-00A0C91BC942}") = "stack", "stack\stack.vcxproj", "{5367BA8E-15F4-4F39-A377-60397E7EFC62}"
EndProject
Global
	GlobalSection(SolutionConfigurationPlatforms) = preSolution
		Debug|x64 = Debug|x64
		Debug|x86 = Debug|x86
		Release|x64 = Release|x64
		Release|x86 = Release|x86
	EndGlobalSection
	GlobalSection(ProjectConfigurationPlatforms) = postSolution
		{5367BA8E-15F4-4F39-A377-60397E7EFC62}.Debug|x64.ActiveCfg = Debug|x64
		{5367BA8E-15F4-4F39-A377-60397E7EFC62}.Debug|x64.Build.0 = Debug|x64
		{5367BA8E-15F4-4F39-A377-60397E7EFC62}.Debug|x86.ActiveCfg = Debug|Win32
		{5367BA8E-15F4-4F39-A377-60397E7EFC62}.Debug|x86.Build.0 = Debug|Win32
		{5367BA8E-15F4-4F39-A377-60397E7EFC62}.Release|x64.ActiveCfg = Release|x64
		{5367BA8E-15F4-4F39-A377-60397E7EFC62}.Release|x64.Build.0 = Release|x64
		{5367BA8E-15F4-4F39-A377-60397E7EFC62}.Release|x86.ActiveCfg = Release|Win32
		{5367BA8E-15F4-4F39-A377-60397E7EFC62}.Release|x86.Build.0 = Release|Win32
	EndGlobalSection
	GlobalSection(SolutionProperties) = preSolution
		HideSolutionNode = FALSE
	EndGlobalSection
	GlobalSection(ExtensibilityGlobals) = postSolution
		SolutionGuid = {ED67DF44-03EE-4A9F-8D5C-505C02BE21CE}
	EndGlobalSection
EndGlobal
